
Microsoft Visual Studio Solution File, Format Version 12.00
# Visual Studio Version 16
VisualStudioVersion = 16.0.29424.173
MinimumVisualStudioVersion = 10.0.40219.1
Project("{FAE04EC0-301F-11D3-BF4B-00C04F79EFBC}") = "ED-EnhancedOptions_1.0", "1.0\ED-EnhancedOptions_1.0.csproj", "{975C4632-336D-4100-87BB-32D726A1D86D}"
EndProject
Project("{FAE04EC0-301F-11D3-BF4B-00C04F79EFBC}") = "ED-EnhancedOptions_1.1", "1.1\ED-EnhancedOptions_1.1.csproj", "{78B2EE68-44B2-44D8-A3CB-D30454DB696D}"
EndProject
Project("{FAE04EC0-301F-11D3-BF4B-00C04F79EFBC}") = "ED-EnhancedOptions_1.2", "1.2\ED-EnhancedOptions_1.2.csproj", "{B0CF39DE-E739-4E98-BDAF-192C21FDD018}"
EndProject
Project("{FAE04EC0-301F-11D3-BF4B-00C04F79EFBC}") = "ED-EnhancedOptions_1.3", "1.3\ED-EnhancedOptions_1.3.csproj", "{980DEC02-7956-4981-98E6-E82BB4EB6FFA}"
EndProject
Global
	GlobalSection(SolutionConfigurationPlatforms) = preSolution
		Debug|Any CPU = Debug|Any CPU
		Release|Any CPU = Release|Any CPU
	EndGlobalSection
	GlobalSection(ProjectConfigurationPlatforms) = postSolution
		{975C4632-336D-4100-87BB-32D726A1D86D}.Debug|Any CPU.ActiveCfg = Debug|Any CPU
		{975C4632-336D-4100-87BB-32D726A1D86D}.Debug|Any CPU.Build.0 = Debug|Any CPU
		{975C4632-336D-4100-87BB-32D726A1D86D}.Release|Any CPU.ActiveCfg = Release|Any CPU
		{975C4632-336D-4100-87BB-32D726A1D86D}.Release|Any CPU.Build.0 = Release|Any CPU
		{78B2EE68-44B2-44D8-A3CB-D30454DB696D}.Debug|Any CPU.ActiveCfg = Debug|Any CPU
		{78B2EE68-44B2-44D8-A3CB-D30454DB696D}.Debug|Any CPU.Build.0 = Debug|Any CPU
		{78B2EE68-44B2-44D8-A3CB-D30454DB696D}.Release|Any CPU.ActiveCfg = Release|Any CPU
		{78B2EE68-44B2-44D8-A3CB-D30454DB696D}.Release|Any CPU.Build.0 = Release|Any CPU
		{B0CF39DE-E739-4E98-BDAF-192C21FDD018}.Debug|Any CPU.ActiveCfg = Debug|Any CPU
		{B0CF39DE-E739-4E98-BDAF-192C21FDD018}.Debug|Any CPU.Build.0 = Debug|Any CPU
		{B0CF39DE-E739-4E98-BDAF-192C21FDD018}.Release|Any CPU.ActiveCfg = Release|Any CPU
		{B0CF39DE-E739-4E98-BDAF-192C21FDD018}.Release|Any CPU.Build.0 = Release|Any CPU
		{980DEC02-7956-4981-98E6-E82BB4EB6FFA}.Debug|Any CPU.ActiveCfg = Debug|Any CPU
		{980DEC02-7956-4981-98E6-E82BB4EB6FFA}.Debug|Any CPU.Build.0 = Debug|Any CPU
		{980DEC02-7956-4981-98E6-E82BB4EB6FFA}.Release|Any CPU.ActiveCfg = Release|Any CPU
		{980DEC02-7956-4981-98E6-E82BB4EB6FFA}.Release|Any CPU.Build.0 = Release|Any CPU
	EndGlobalSection
	GlobalSection(SolutionProperties) = preSolution
		HideSolutionNode = FALSE
	EndGlobalSection
	GlobalSection(ExtensibilityGlobals) = postSolution
		SolutionGuid = {8A973F65-A364-42F6-9EC8-4D876A8CA889}
	EndGlobalSection
EndGlobal
